
Microsoft Visual Studio Solution File, Format Version 12.00
# Visual Studio 15
VisualStudioVersion = 15.0.28307.438
MinimumVisualStudioVersion = 10.0.40219.1
Project("{FAE04EC0-301F-11D3-BF4B-00C04F79EFBC}") = "AzureFunctionsServiceBusAttachment", "AzureFunctionsServiceBusAttachment\AzureFunctionsServiceBusAttachment.csproj", "{7932D169-699D-44BC-91E0-BB811733EA73}"
EndProject
Global
	GlobalSection(SolutionConfigurationPlatforms) = preSolution
		Debug|Any CPU = Debug|Any CPU
		Release|Any CPU = Release|Any CPU
	EndGlobalSection
	GlobalSection(ProjectConfigurationPlatforms) = postSolution
		{7932D169-699D-44BC-91E0-BB811733EA73}.Debug|Any CPU.ActiveCfg = Debug|Any CPU
		{7932D169-699D-44BC-91E0-BB811733EA73}.Debug|Any CPU.Build.0 = Debug|Any CPU
		{7932D169-699D-44BC-91E0-BB811733EA73}.Release|Any CPU.ActiveCfg = Release|Any CPU
		{7932D169-699D-44BC-91E0-BB811733EA73}.Release|Any CPU.Build.0 = Release|Any CPU
	EndGlobalSection
	GlobalSection(SolutionProperties) = preSolution
		HideSolutionNode = FALSE
	EndGlobalSection
	GlobalSection(ExtensibilityGlobals) = postSolution
		SolutionGuid = {EA9A933E-C728-4A9A-A445-A04AE775F6E4}
	EndGlobalSection
EndGlobal
